# This file was autogenerated by Stack.
# You should not edit this file by hand.
# For more information, please see the documentation at:
#   https://docs.haskellstack.org/en/stable/lock_files

packages:
- completed:
    hackage: brick-0.46@sha256:78629a4da6b759c78ec264bedc9e794edeb55a302d17015d0278620eef4ebe29,13852
    pantry-tree:
      size: 3752
      sha256: 1a8c529c82fd79070f4c48bdd34496a864c88130e8c07a766fa1111823f6866d
  original:
    hackage: brick-0.46@sha256:78629a4da6b759c78ec264bedc9e794edeb55a302d17015d0278620eef4ebe29,13852
- completed:
    hackage: tart-0.1.2@sha256:f2c3352fc634b55b905eeb33a8104193e8108cfb812ce4cc9ca22fd701cbb313,3225
    pantry-tree:
      size: 2798
      sha256: 3f3a6f85b86b6f31a6be0121f0c24de5f000ecd5c8603a2066722896f0ed6f2b
  original:
    hackage: tart-0.1.2@sha256:f2c3352fc634b55b905eeb33a8104193e8108cfb812ce4cc9ca22fd701cbb313,3225
- completed:
    size: 4456121
    url: https://github.com/Cj-bc/brick-shgif/archive/4088625c93318e4220d5fb57b6252fd0ce3da680.tar.gz
    cabal-file:
      size: 2043
      sha256: 63151a5f44046cfc16ba83dbde1b3b3c0f539ef4e767abb1ad9cd3f4333e65f2
    name: brick-shgif
    version: 1.4.0.1
    sha256: ccbf83cdb3060d5e12319621f08e48129ff2a4bb6b41ed0d783277651ad5c594
    pantry-tree:
      size: 2125
      sha256: 6e3582d1d25c4163c6db893262f59ddd95a195993ee3b15fe87f204f40bd5e33
  original:
    url: https://github.com/Cj-bc/brick-shgif/archive/4088625c93318e4220d5fb57b6252fd0ce3da680.tar.gz
- completed:
    size: 4663
    url: https://github.com/Cj-bc/FaceDataServer-hs/archive/0fd2256d38d17d8095e5db3480bc441ed18249d1.tar.gz
    cabal-file:
      size: 1120
      sha256: c598513cff2e3c68e0b572911ccd9283ef40affec25e34b0c7e0bb0224cf0e13
    name: FaceDataServer-hs
    version: 0.1.0.0
    sha256: ddc6d4521ae2c94bb062e9b78fc9c886759b97e3eb930aecd83f177b4c995b5d
    pantry-tree:
      size: 605
      sha256: af03e396cd8a0cc40603dcdd1460f6f950fe828c36f490b536782270cdfcbf3e
  original:
    url: https://github.com/Cj-bc/FaceDataServer-hs/archive/0fd2256d38d17d8095e5db3480bc441ed18249d1.tar.gz
snapshots:
- completed:
    size: 524799
    url: https://raw.githubusercontent.com/commercialhaskell/stackage-snapshots/master/lts/14/17.yaml
    sha256: 1d72b33c0fc048e23f4f18fd76a6ad79dd1d8a3c054644098a71a09855e40c7c
  original: lts-14.17
