# This file was autogenerated by Stack.
# You should not edit this file by hand.
# For more information, please see the documentation at:
#   https://docs.haskellstack.org/en/stable/lock_files

snapshots:
- original: lts-18.0
  completed:
    sha256: c632012da648385b9fa3c29f4e0afd56ead299f1c5528ee789058be410e883c0
    url: https://raw.githubusercontent.com/commercialhaskell/stackage-snapshots/master/lts/18/0.yaml
    size: 585393
packages:
- original:
    url: https://github.com/jtdaugherty/tart/archive/6d8b08e88ed72158874ec10ae8537913d23cda54.tar.gz
  completed:
    pantry-tree:
      sha256: af9690d94ae9e652713a6136d1d6ee978c86412763930d5286bff1ba50ef6ffb
      size: 3246
    version: '0.3'
    name: tart
    sha256: 826a72c59b4627050ae75b5dc6083423d6b317cad506b99477bec23b55607e2e
    url: https://github.com/jtdaugherty/tart/archive/6d8b08e88ed72158874ec10ae8537913d23cda54.tar.gz
    size: 290876
- original:
    url: https://github.com/Cj-bc/brick-shgif/archive/8d46e92eddc2ab0cecf9b40251cf8961d31e3933.tar.gz
  completed:
    pantry-tree:
      sha256: 34a1c9b707f6cdb9d130340e0a5d131e7d27ad7a3116d68b86b88cd07d310460
      size: 2266
    version: 1.4.1.0
    name: brick-shgif
    sha256: 934c82eb83ad4af118ed0cd6b889e8b4e7a2da1d30832931186a83e718cf32cf
    url: https://github.com/Cj-bc/brick-shgif/archive/8d46e92eddc2ab0cecf9b40251cf8961d31e3933.tar.gz
    size: 4456635
